# THIS IS AN AUTOGENERATED FILE. DO NOT EDIT THIS FILE DIRECTLY.
# yarn lockfile v1


quasar@^2.18.1:
  version "2.18.1"
  resolved "https://registry.yarnpkg.com/quasar/-/quasar-2.18.1.tgz#3e9c68ef1db72cbbb188f2f943ac03662e712162"
  integrity sha512-db/P64Mzpt1uXJ0MapaG+IYJQ9hHDb5KtTCoszwC78DR7sA+Uoj7nBW2EytwYykIExEmqavOvKrdasTvqhkgEg==
